
Microsoft Visual Studio Solution File, Format Version 12.00
# Visual Studio 15
VisualStudioVersion = 15.0.26730.16
MinimumVisualStudioVersion = 10.0.40219.1
Project("{8BC9CEB8-8B4A-11D0-8D11-00A0C91BC942}") = "Project1_2", "Project1_2\Project1_2.vcxproj", "{347B7B8E-6940-45FC-87FA-93D95B3CEC3A}"
EndProject
Global
	GlobalSection(SolutionConfigurationPlatforms) = preSolution
		Debug|x64 = Debug|x64
		Debug|x86 = Debug|x86
		Release|x64 = Release|x64
		Release|x86 = Release|x86
	EndGlobalSection
	GlobalSection(ProjectConfigurationPlatforms) = postSolution
		{347B7B8E-6940-45FC-87FA-93D95B3CEC3A}.Debug|x64.ActiveCfg = Debug|x64
		{347B7B8E-6940-45FC-87FA-93D95B3CEC3A}.Debug|x64.Build.0 = Debug|x64
		{347B7B8E-6940-45FC-87FA-93D95B3CEC3A}.Debug|x86.ActiveCfg = Debug|Win32
		{347B7B8E-6940-45FC-87FA-93D95B3CEC3A}.Debug|x86.Build.0 = Debug|Win32
		{347B7B8E-6940-45FC-87FA-93D95B3CEC3A}.Release|x64.ActiveCfg = Release|x64
		{347B7B8E-6940-45FC-87FA-93D95B3CEC3A}.Release|x64.Build.0 = Release|x64
		{347B7B8E-6940-45FC-87FA-93D95B3CEC3A}.Release|x86.ActiveCfg = Release|Win32
		{347B7B8E-6940-45FC-87FA-93D95B3CEC3A}.Release|x86.Build.0 = Release|Win32
	EndGlobalSection
	GlobalSection(SolutionProperties) = preSolution
		HideSolutionNode = FALSE
	EndGlobalSection
	GlobalSection(ExtensibilityGlobals) = postSolution
		SolutionGuid = {CBEBF67E-CA55-4B6E-8360-2668BB51CB4A}
	EndGlobalSection
EndGlobal
